// !$*UTF8*$!
{
	archiveVersion = 1;
	classes = {
	};
	objectVersion = 46;
	objects = {

/* Begin PBXBuildFile section */
		B607D8171E92C33E004E7DC9 /* grey_button.png in Resources */ = {isa = PBXBuildFile; fileRef = B607D8151E92C33E004E7DC9 /* grey_button.png */; };
		B607D8181E92C33E004E7DC9 /* yellow_button.png in Resources */ = {isa = PBXBuildFile; fileRef = B607D8161E92C33E004E7DC9 /* yellow_button.png */; };
		F418B9A11EA6376C00143F1E /* ButtonViewController.m in Sources */ = {isa = PBXBuildFile; fileRef = F418B98C1EA6376C00143F1E /* ButtonViewController.m */; };
		F418B9A21EA6376C00143F1E /* LabelController.m in Sources */ = {isa = PBXBuildFile; fileRef = F418B98E1EA6376C00143F1E /* LabelController.m */; };
		F418B9A31EA6376C00143F1E /* MainViewController.m in Sources */ = {isa = PBXBuildFile; fileRef = F418B9901EA6376C00143F1E /* MainViewController.m */; };
		F418B9A41EA6376C00143F1E /* ObjCallCController.m in Sources */ = {isa = PBXBuildFile; fileRef = F418B9921EA6376C00143F1E /* ObjCallCController.m */; };
		F418B9A51EA6376C00143F1E /* StatusBarController.m in Sources */ = {isa = PBXBuildFile; fileRef = F418B9941EA6376C00143F1E /* StatusBarController.m */; };
		F418B9A61EA6376C00143F1E /* TabAController.m in Sources */ = {isa = PBXBuildFile; fileRef = F418B9961EA6376C00143F1E /* TabAController.m */; };
		F418B9A71EA6376C00143F1E /* TabBarDemoController.m in Sources */ = {isa = PBXBuildFile; fileRef = F418B9981EA6376C00143F1E /* TabBarDemoController.m */; };
		F418B9A81EA6376C00143F1E /* TabBController.m in Sources */ = {isa = PBXBuildFile; fileRef = F418B99A1EA6376C00143F1E /* TabBController.m */; };
		F418B9A91EA6376C00143F1E /* TextFieldController.m in Sources */ = {isa = PBXBuildFile; fileRef = F418B99C1EA6376C00143F1E /* TextFieldController.m */; };
		F418B9AA1EA6376C00143F1E /* ToolBarController.m in Sources */ = {isa = PBXBuildFile; fileRef = F418B99E1EA6376C00143F1E /* ToolBarController.m */; };
		F418B9AB1EA6376C00143F1E /* UITabBarController.m in Sources */ = {isa = PBXBuildFile; fileRef = F418B9A01EA6376C00143F1E /* UITabBarController.m */; };
		F418B9AF1EA63B2B00143F1E /* test.c in Sources */ = {isa = PBXBuildFile; fileRef = F418B9AD1EA63B2B00143F1E /* test.c */; };
		F420C7601EAE0FFB005746CB /* UIImageViewController.m in Sources */ = {isa = PBXBuildFile; fileRef = F420C75F1EAE0FFB005746CB /* UIImageViewController.m */; };
		F420C7621EAE18CD005746CB /* compress_erhai.jpg in Resources */ = {isa = PBXBuildFile; fileRef = F420C7611EAE18CD005746CB /* compress_erhai.jpg */; };
		F42AB9AA1E95EF9A0073343D /* back.png in Resources */ = {isa = PBXBuildFile; fileRef = F42AB9A91E95EF9A0073343D /* back.png */; };
		F45280AB1E88E0C0000C9F45 /* main.m in Sources */ = {isa = PBXBuildFile; fileRef = F45280AA1E88E0C0000C9F45 /* main.m */; };
		F45280AE1E88E0C0000C9F45 /* AppDelegate.m in Sources */ = {isa = PBXBuildFile; fileRef = F45280AD1E88E0C0000C9F45 /* AppDelegate.m */; };
		F45280B61E88E0C0000C9F45 /* Assets.xcassets in Resources */ = {isa = PBXBuildFile; fileRef = F45280B51E88E0C0000C9F45 /* Assets.xcassets */; };
		F45280C41E88E0C0000C9F45 /* ios_helloworldTests.m in Sources */ = {isa = PBXBuildFile; fileRef = F45280C31E88E0C0000C9F45 /* ios_helloworldTests.m */; };
		F45280CF1E88E0C0000C9F45 /* ios_helloworldUITests.m in Sources */ = {isa = PBXBuildFile; fileRef = F45280CE1E88E0C0000C9F45 /* ios_helloworldUITests.m */; };
		F495AB7F1E89186C00573334 /* .gitignore in Resources */ = {isa = PBXBuildFile; fileRef = F495AB7E1E89186C00573334 /* .gitignore */; };
		F4AB381D1EC5FFA5004F8809 /* ObjSun.m in Sources */ = {isa = PBXBuildFile; fileRef = F4AB381C1EC5FFA5004F8809 /* ObjSun.m */; };
		F4AB38201EC60372004F8809 /* CPlusFather.mm in Sources */ = {isa = PBXBuildFile; fileRef = F4AB381E1EC60372004F8809 /* CPlusFather.mm */; };
		F4AB38221EC7652A004F8809 /* ScrollViewController.m in Sources */ = {isa = PBXBuildFile; fileRef = F4AB38211EC7652A004F8809 /* ScrollViewController.m */; };
		F4C6DBC41E8A5680009CDF41 /* BaseController.m in Sources */ = {isa = PBXBuildFile; fileRef = F4C6DBC31E8A5680009CDF41 /* BaseController.m */; };
		F4C6DBD41E8A6AD7009CDF41 /* BaseApplication.m in Sources */ = {isa = PBXBuildFile; fileRef = F4C6DBD31E8A6AD7009CDF41 /* BaseApplication.m */; };
		F4C947581EA644140011BD8B /* CPlusTest.cpp in Sources */ = {isa = PBXBuildFile; fileRef = F4C947561EA644140011BD8B /* CPlusTest.cpp */; };
		F4C9475B1EA644790011BD8B /* ObjCallCPlusController.m in Sources */ = {isa = PBXBuildFile; fileRef = F4C9475A1EA644790011BD8B /* ObjCallCPlusController.m */; };
		F4EED1DA1E8BB260005BF07B /* TableItemModel.m in Sources */ = {isa = PBXBuildFile; fileRef = F4EED1D91E8BB260005BF07B /* TableItemModel.m */; };
		F4EED1E41E8CE525005BF07B /* Localizable.strings in Resources */ = {isa = PBXBuildFile; fileRef = F4EED1E61E8CE525005BF07B /* Localizable.strings */; };
		F4EED1F01E8CEA9F005BF07B /* CoreLogger.m in Sources */ = {isa = PBXBuildFile; fileRef = F4EED1EF1E8CEA9F005BF07B /* CoreLogger.m */; };
/* End PBXBuildFile section */

/* Begin PBXContainerItemProxy section */
		F45280C01E88E0C0000C9F45 /* PBXContainerItemProxy */ = {
			isa = PBXContainerItemProxy;
			containerPortal = F452809E1E88E0BF000C9F45 /* Project object */;
			proxyType = 1;
			remoteGlobalIDString = F45280A51E88E0C0000C9F45;
			remoteInfo = ios_helloworld;
		};
		F45280CB1E88E0C0000C9F45 /* PBXContainerItemProxy */ = {
			isa = PBXContainerItemProxy;
			containerPortal = F452809E1E88E0BF000C9F45 /* Project object */;
			proxyType = 1;
			remoteGlobalIDString = F45280A51E88E0C0000C9F45;
			remoteInfo = ios_helloworld;
		};
/* End PBXContainerItemProxy section */

/* Begin PBXFileReference section */
		B607D8151E92C33E004E7DC9 /* grey_button.png */ = {isa = PBXFileReference; lastKnownFileType = image.png; name = grey_button.png; path = img/grey_button.png; sourceTree = "<group>"; };
		B607D8161E92C33E004E7DC9 /* yellow_button.png */ = {isa = PBXFileReference; lastKnownFileType = image.png; name = yellow_button.png; path = img/yellow_button.png; sourceTree = "<group>"; };
		F418B98B1EA6376C00143F1E /* ButtonViewController.h */ = {isa = PBXFileReference; fileEncoding = 4; lastKnownFileType = sourcecode.c.h; path = ButtonViewController.h; sourceTree = "<group>"; };
		F418B98C1EA6376C00143F1E /* ButtonViewController.m */ = {isa = PBXFileReference; fileEncoding = 4; lastKnownFileType = sourcecode.c.objc; path = ButtonViewController.m; sourceTree = "<group>"; };
		F418B98D1EA6376C00143F1E /* LabelController.h */ = {isa = PBXFileReference; fileEncoding = 4; lastKnownFileType = sourcecode.c.h; path = LabelController.h; sourceTree = "<group>"; };
		F418B98E1EA6376C00143F1E /* LabelController.m */ = {isa = PBXFileReference; fileEncoding = 4; lastKnownFileType = sourcecode.c.objc; path = LabelController.m; sourceTree = "<group>"; };
		F418B98F1EA6376C00143F1E /* MainViewController.h */ = {isa = PBXFileReference; fileEncoding = 4; lastKnownFileType = sourcecode.c.h; path = MainViewController.h; sourceTree = "<group>"; };
		F418B9901EA6376C00143F1E /* MainViewController.m */ = {isa = PBXFileReference; fileEncoding = 4; lastKnownFileType = sourcecode.c.objc; path = MainViewController.m; sourceTree = "<group>"; };
		F418B9911EA6376C00143F1E /* ObjCallCController.h */ = {isa = PBXFileReference; fileEncoding = 4; lastKnownFileType = sourcecode.c.h; path = ObjCallCController.h; sourceTree = "<group>"; };
		F418B9921EA6376C00143F1E /* ObjCallCController.m */ = {isa = PBXFileReference; fileEncoding = 4; lastKnownFileType = sourcecode.c.objc; path = ObjCallCController.m; sourceTree = "<group>"; };
		F418B9931EA6376C00143F1E /* StatusBarController.h */ = {isa = PBXFileReference; fileEncoding = 4; lastKnownFileType = sourcecode.c.h; path = StatusBarController.h; sourceTree = "<group>"; };
		F418B9941EA6376C00143F1E /* StatusBarController.m */ = {isa = PBXFileReference; fileEncoding = 4; lastKnownFileType = sourcecode.c.objc; path = StatusBarController.m; sourceTree = "<group>"; };
		F418B9951EA6376C00143F1E /* TabAController.h */ = {isa = PBXFileReference; fileEncoding = 4; lastKnownFileType = sourcecode.c.h; path = TabAController.h; sourceTree = "<group>"; };
		F418B9961EA6376C00143F1E /* TabAController.m */ = {isa = PBXFileReference; fileEncoding = 4; lastKnownFileType = sourcecode.c.objc; path = TabAController.m; sourceTree = "<group>"; };
		F418B9971EA6376C00143F1E /* TabBarDemoController.h */ = {isa = PBXFileReference; fileEncoding = 4; lastKnownFileType = sourcecode.c.h; path = TabBarDemoController.h; sourceTree = "<group>"; };
		F418B9981EA6376C00143F1E /* TabBarDemoController.m */ = {isa = PBXFileReference; fileEncoding = 4; lastKnownFileType = sourcecode.c.objc; path = TabBarDemoController.m; sourceTree = "<group>"; };
		F418B9991EA6376C00143F1E /* TabBController.h */ = {isa = PBXFileReference; fileEncoding = 4; lastKnownFileType = sourcecode.c.h; path = TabBController.h; sourceTree = "<group>"; };
		F418B99A1EA6376C00143F1E /* TabBController.m */ = {isa = PBXFileReference; fileEncoding = 4; lastKnownFileType = sourcecode.c.objc; path = TabBController.m; sourceTree = "<group>"; };
		F418B99B1EA6376C00143F1E /* TextFieldController.h */ = {isa = PBXFileReference; fileEncoding = 4; lastKnownFileType = sourcecode.c.h; path = TextFieldController.h; sourceTree = "<group>"; };
		F418B99C1EA6376C00143F1E /* TextFieldController.m */ = {isa = PBXFileReference; fileEncoding = 4; lastKnownFileType = sourcecode.c.objc; path = TextFieldController.m; sourceTree = "<group>"; };
		F418B99D1EA6376C00143F1E /* ToolBarController.h */ = {isa = PBXFileReference; fileEncoding = 4; lastKnownFileType = sourcecode.c.h; path = ToolBarController.h; sourceTree = "<group>"; };
		F418B99E1EA6376C00143F1E /* ToolBarController.m */ = {isa = PBXFileReference; fileEncoding = 4; lastKnownFileType = sourcecode.c.objc; path = ToolBarController.m; sourceTree = "<group>"; };
		F418B99F1EA6376C00143F1E /* UITabBarController.h */ = {isa = PBXFileReference; fileEncoding = 4; lastKnownFileType = sourcecode.c.h; path = UITabBarController.h; sourceTree = "<group>"; };
		F418B9A01EA6376C00143F1E /* UITabBarController.m */ = {isa = PBXFileReference; fileEncoding = 4; lastKnownFileType = sourcecode.c.objc; path = UITabBarController.m; sourceTree = "<group>"; };
		F418B9AD1EA63B2B00143F1E /* test.c */ = {isa = PBXFileReference; fileEncoding = 4; lastKnownFileType = sourcecode.c.c; path = test.c; sourceTree = "<group>"; };
		F418B9AE1EA63B2B00143F1E /* test.h */ = {isa = PBXFileReference; fileEncoding = 4; lastKnownFileType = sourcecode.c.h; path = test.h; sourceTree = "<group>"; };
		F420C75E1EAE0F2C005746CB /* UIImageViewController.h */ = {isa = PBXFileReference; lastKnownFileType = sourcecode.c.h; path = UIImageViewController.h; sourceTree = "<group>"; };
		F420C75F1EAE0FFB005746CB /* UIImageViewController.m */ = {isa = PBXFileReference; fileEncoding = 4; lastKnownFileType = sourcecode.c.objc; path = UIImageViewController.m; sourceTree = "<group>"; };
		F420C7611EAE18CD005746CB /* compress_erhai.jpg */ = {isa = PBXFileReference; lastKnownFileType = image.jpeg; name = compress_erhai.jpg; path = img/compress_erhai.jpg; sourceTree = "<group>"; };
		F42AB9A91E95EF9A0073343D /* back.png */ = {isa = PBXFileReference; lastKnownFileType = image.png; name = back.png; path = img/back.png; sourceTree = "<group>"; };
		F45280A61E88E0C0000C9F45 /* ios_helloworld.app */ = {isa = PBXFileReference; explicitFileType = wrapper.application; includeInIndex = 0; path = ios_helloworld.app; sourceTree = BUILT_PRODUCTS_DIR; };
		F45280AA1E88E0C0000C9F45 /* main.m */ = {isa = PBXFileReference; lastKnownFileType = sourcecode.c.objc; path = main.m; sourceTree = "<group>"; };
		F45280AC1E88E0C0000C9F45 /* AppDelegate.h */ = {isa = PBXFileReference; lastKnownFileType = sourcecode.c.h; path = AppDelegate.h; sourceTree = "<group>"; };
		F45280AD1E88E0C0000C9F45 /* AppDelegate.m */ = {isa = PBXFileReference; lastKnownFileType = sourcecode.c.objc; path = AppDelegate.m; sourceTree = "<group>"; };
		F45280B51E88E0C0000C9F45 /* Assets.xcassets */ = {isa = PBXFileReference; lastKnownFileType = folder.assetcatalog; path = Assets.xcassets; sourceTree = "<group>"; };
		F45280BA1E88E0C0000C9F45 /* Info.plist */ = {isa = PBXFileReference; lastKnownFileType = text.plist.xml; path = Info.plist; sourceTree = "<group>"; };
		F45280BF1E88E0C0000C9F45 /* ios_helloworldTests.xctest */ = {isa = PBXFileReference; explicitFileType = wrapper.cfbundle; includeInIndex = 0; path = ios_helloworldTests.xctest; sourceTree = BUILT_PRODUCTS_DIR; };
		F45280C31E88E0C0000C9F45 /* ios_helloworldTests.m */ = {isa = PBXFileReference; lastKnownFileType = sourcecode.c.objc; path = ios_helloworldTests.m; sourceTree = "<group>"; };
		F45280C51E88E0C0000C9F45 /* Info.plist */ = {isa = PBXFileReference; lastKnownFileType = text.plist.xml; path = Info.plist; sourceTree = "<group>"; };
		F45280CA1E88E0C0000C9F45 /* ios_helloworldUITests.xctest */ = {isa = PBXFileReference; explicitFileType = wrapper.cfbundle; includeInIndex = 0; path = ios_helloworldUITests.xctest; sourceTree = BUILT_PRODUCTS_DIR; };
		F45280CE1E88E0C0000C9F45 /* ios_helloworldUITests.m */ = {isa = PBXFileReference; lastKnownFileType = sourcecode.c.objc; path = ios_helloworldUITests.m; sourceTree = "<group>"; };
		F45280D01E88E0C0000C9F45 /* Info.plist */ = {isa = PBXFileReference; lastKnownFileType = text.plist.xml; path = Info.plist; sourceTree = "<group>"; };
		F495AB7E1E89186C00573334 /* .gitignore */ = {isa = PBXFileReference; fileEncoding = 4; lastKnownFileType = text; path = .gitignore; sourceTree = "<group>"; };
		F4AB381B1EC5FF54004F8809 /* ObjSun.h */ = {isa = PBXFileReference; lastKnownFileType = sourcecode.c.h; path = ObjSun.h; sourceTree = "<group>"; };
		F4AB381C1EC5FFA5004F8809 /* ObjSun.m */ = {isa = PBXFileReference; fileEncoding = 4; lastKnownFileType = sourcecode.c.objc; path = ObjSun.m; sourceTree = "<group>"; };
		F4AB381E1EC60372004F8809 /* CPlusFather.mm */ = {isa = PBXFileReference; fileEncoding = 4; lastKnownFileType = sourcecode.cpp.objcpp; path = CPlusFather.mm; sourceTree = "<group>"; };
		F4AB381F1EC60372004F8809 /* CPlusFather.h */ = {isa = PBXFileReference; fileEncoding = 4; lastKnownFileType = sourcecode.c.h; path = CPlusFather.h; sourceTree = "<group>"; };
		F4AB38211EC7652A004F8809 /* ScrollViewController.m */ = {isa = PBXFileReference; fileEncoding = 4; lastKnownFileType = sourcecode.c.objc; path = ScrollViewController.m; sourceTree = "<group>"; };
		F4AB38231EC7653A004F8809 /* ScrollViewController.h */ = {isa = PBXFileReference; lastKnownFileType = sourcecode.c.h; path = ScrollViewController.h; sourceTree = "<group>"; };
		F4C6DBC31E8A5680009CDF41 /* BaseController.m */ = {isa = PBXFileReference; fileEncoding = 4; lastKnownFileType = sourcecode.c.objc; path = BaseController.m; sourceTree = "<group>"; };
		F4C6DBC61E8A577D009CDF41 /* BaseController.h */ = {isa = PBXFileReference; lastKnownFileType = sourcecode.c.h; path = BaseController.h; sourceTree = "<group>"; };
		F4C6DBCB1E8A6A45009CDF41 /* BaseApplication.h */ = {isa = PBXFileReference; lastKnownFileType = sourcecode.c.h; path = BaseApplication.h; sourceTree = "<group>"; };
		F4C6DBD31E8A6AD7009CDF41 /* BaseApplication.m */ = {isa = PBXFileReference; fileEncoding = 4; lastKnownFileType = sourcecode.c.objc; path = BaseApplication.m; sourceTree = "<group>"; };
		F4C947551EA643E80011BD8B /* CPlusTest.h */ = {isa = PBXFileReference; lastKnownFileType = sourcecode.c.h; path = CPlusTest.h; sourceTree = "<group>"; };
		F4C947561EA644140011BD8B /* CPlusTest.cpp */ = {isa = PBXFileReference; fileEncoding = 4; lastKnownFileType = sourcecode.cpp.cpp; path = CPlusTest.cpp; sourceTree = "<group>"; };
		F4C947591EA644650011BD8B /* ObjCallCPlusController.h */ = {isa = PBXFileReference; lastKnownFileType = sourcecode.c.h; path = ObjCallCPlusController.h; sourceTree = "<group>"; };
		F4C9475A1EA644790011BD8B /* ObjCallCPlusController.m */ = {isa = PBXFileReference; fileEncoding = 4; lastKnownFileType = sourcecode.c.objc; path = ObjCallCPlusController.m; sourceTree = "<group>"; };
		F4EED1D81E8BB17C005BF07B /* TableItemModel.h */ = {isa = PBXFileReference; lastKnownFileType = sourcecode.c.h; path = TableItemModel.h; sourceTree = "<group>"; };
		F4EED1D91E8BB260005BF07B /* TableItemModel.m */ = {isa = PBXFileReference; fileEncoding = 4; lastKnownFileType = sourcecode.c.objc; path = TableItemModel.m; sourceTree = "<group>"; };
		F4EED1E51E8CE525005BF07B /* Base */ = {isa = PBXFileReference; lastKnownFileType = text.plist.strings; name = Base; path = Base.lproj/Localizable.strings; sourceTree = "<group>"; };
		F4EED1EC1E8CE5A8005BF07B /* zh-Hans */ = {isa = PBXFileReference; lastKnownFileType = text.plist.strings; name = "zh-Hans"; path = "zh-Hans.lproj/Localizable.strings"; sourceTree = "<group>"; };
		F4EED1ED1E8CE5DB005BF07B /* en */ = {isa = PBXFileReference; lastKnownFileType = text.plist.strings; name = en; path = en.lproj/Localizable.strings; sourceTree = "<group>"; };
		F4EED1EE1E8CEA90005BF07B /* CoreLogger.h */ = {isa = PBXFileReference; lastKnownFileType = sourcecode.c.h; path = CoreLogger.h; sourceTree = "<group>"; };
		F4EED1EF1E8CEA9F005BF07B /* CoreLogger.m */ = {isa = PBXFileReference; fileEncoding = 4; lastKnownFileType = sourcecode.c.objc; path = CoreLogger.m; sourceTree = "<group>"; };
/* End PBXFileReference section */

/* Begin PBXFrameworksBuildPhase section */
		F45280A31E88E0C0000C9F45 /* Frameworks */ = {
			isa = PBXFrameworksBuildPhase;
			buildActionMask = 2147483647;
			files = (
			);
			runOnlyForDeploymentPostprocessing = 0;
		};
		F45280BC1E88E0C0000C9F45 /* Frameworks */ = {
			isa = PBXFrameworksBuildPhase;
			buildActionMask = 2147483647;
			files = (
			);
			runOnlyForDeploymentPostprocessing = 0;
		};
		F45280C71E88E0C0000C9F45 /* Frameworks */ = {
			isa = PBXFrameworksBuildPhase;
			buildActionMask = 2147483647;
			files = (
			);
			runOnlyForDeploymentPostprocessing = 0;
		};
/* End PBXFrameworksBuildPhase section */

/* Begin PBXGroup section */
		B607D80F1E9297CE004E7DC9 /* resource */ = {
			isa = PBXGroup;
			children = (
				B607D8101E9297EC004E7DC9 /* img */,
			);
			name = resource;
			sourceTree = "<group>";
		};
		B607D8101E9297EC004E7DC9 /* img */ = {
			isa = PBXGroup;
			children = (
				F420C7611EAE18CD005746CB /* compress_erhai.jpg */,
				F42AB9A91E95EF9A0073343D /* back.png */,
				B607D8151E92C33E004E7DC9 /* grey_button.png */,
				B607D8161E92C33E004E7DC9 /* yellow_button.png */,
			);
			name = img;
			sourceTree = "<group>";
		};
		F418B98A1EA6376C00143F1E /* controller */ = {
			isa = PBXGroup;
			children = (
				F418B98B1EA6376C00143F1E /* ButtonViewController.h */,
				F418B98C1EA6376C00143F1E /* ButtonViewController.m */,
				F418B98D1EA6376C00143F1E /* LabelController.h */,
				F418B98E1EA6376C00143F1E /* LabelController.m */,
				F418B98F1EA6376C00143F1E /* MainViewController.h */,
				F418B9901EA6376C00143F1E /* MainViewController.m */,
				F418B9911EA6376C00143F1E /* ObjCallCController.h */,
				F418B9921EA6376C00143F1E /* ObjCallCController.m */,
				F418B9931EA6376C00143F1E /* StatusBarController.h */,
				F418B9941EA6376C00143F1E /* StatusBarController.m */,
				F418B9951EA6376C00143F1E /* TabAController.h */,
				F418B9961EA6376C00143F1E /* TabAController.m */,
				F418B9971EA6376C00143F1E /* TabBarDemoController.h */,
				F418B9981EA6376C00143F1E /* TabBarDemoController.m */,
				F418B9991EA6376C00143F1E /* TabBController.h */,
				F418B99A1EA6376C00143F1E /* TabBController.m */,
				F418B99B1EA6376C00143F1E /* TextFieldController.h */,
				F418B99C1EA6376C00143F1E /* TextFieldController.m */,
				F418B99D1EA6376C00143F1E /* ToolBarController.h */,
				F418B99E1EA6376C00143F1E /* ToolBarController.m */,
				F418B99F1EA6376C00143F1E /* UITabBarController.h */,
				F418B9A01EA6376C00143F1E /* UITabBarController.m */,
				F4C947591EA644650011BD8B /* ObjCallCPlusController.h */,
				F4C9475A1EA644790011BD8B /* ObjCallCPlusController.m */,
				F420C75E1EAE0F2C005746CB /* UIImageViewController.h */,
				F420C75F1EAE0FFB005746CB /* UIImageViewController.m */,
				F4AB38211EC7652A004F8809 /* ScrollViewController.m */,
				F4AB38231EC7653A004F8809 /* ScrollViewController.h */,
			);
			path = controller;
			sourceTree = "<group>";
		};
		F418B9AC1EA63B2B00143F1E /* muxer */ = {
			isa = PBXGroup;
			children = (
				F418B9AD1EA63B2B00143F1E /* test.c */,
				F418B9AE1EA63B2B00143F1E /* test.h */,
				F4C947551EA643E80011BD8B /* CPlusTest.h */,
				F4C947561EA644140011BD8B /* CPlusTest.cpp */,
				F4AB381B1EC5FF54004F8809 /* ObjSun.h */,
				F4AB381C1EC5FFA5004F8809 /* ObjSun.m */,
				F4AB381E1EC60372004F8809 /* CPlusFather.mm */,
				F4AB381F1EC60372004F8809 /* CPlusFather.h */,
			);
			path = muxer;
			sourceTree = "<group>";
		};
		F452809D1E88E0BF000C9F45 = {
			isa = PBXGroup;
			children = (
				F495AB7E1E89186C00573334 /* .gitignore */,
				F45280A81E88E0C0000C9F45 /* ios_helloworld */,
				F45280C21E88E0C0000C9F45 /* ios_helloworldTests */,
				F45280CD1E88E0C0000C9F45 /* ios_helloworldUITests */,
				F45280A71E88E0C0000C9F45 /* Products */,
			);
			sourceTree = "<group>";
		};
		F45280A71E88E0C0000C9F45 /* Products */ = {
			isa = PBXGroup;
			children = (
				F45280A61E88E0C0000C9F45 /* ios_helloworld.app */,
				F45280BF1E88E0C0000C9F45 /* ios_helloworldTests.xctest */,
				F45280CA1E88E0C0000C9F45 /* ios_helloworldUITests.xctest */,
			);
			name = Products;
			sourceTree = "<group>";
		};
		F45280A81E88E0C0000C9F45 /* ios_helloworld */ = {
			isa = PBXGroup;
			children = (
				F418B9AC1EA63B2B00143F1E /* muxer */,
				F418B98A1EA6376C00143F1E /* controller */,
				B607D80F1E9297CE004E7DC9 /* resource */,
				F4EED1E31E8CE50E005BF07B /* string */,
				F4EED1D71E8BB014005BF07B /* model */,
				F4C6DBD51E8A7502009CDF41 /* component */,
				F4C6DBC21E8A5649009CDF41 /* baseui */,
				F45280AC1E88E0C0000C9F45 /* AppDelegate.h */,
				F45280AD1E88E0C0000C9F45 /* AppDelegate.m */,
				F45280B51E88E0C0000C9F45 /* Assets.xcassets */,
				F45280BA1E88E0C0000C9F45 /* Info.plist */,
				F45280A91E88E0C0000C9F45 /* Supporting Files */,
			);
			path = ios_helloworld;
			sourceTree = "<group>";
		};
		F45280A91E88E0C0000C9F45 /* Supporting Files */ = {
			isa = PBXGroup;
			children = (
				F45280AA1E88E0C0000C9F45 /* main.m */,
			);
			name = "Supporting Files";
			sourceTree = "<group>";
		};
		F45280C21E88E0C0000C9F45 /* ios_helloworldTests */ = {
			isa = PBXGroup;
			children = (
				F45280C31E88E0C0000C9F45 /* ios_helloworldTests.m */,
				F45280C51E88E0C0000C9F45 /* Info.plist */,
			);
			path = ios_helloworldTests;
			sourceTree = "<group>";
		};
		F45280CD1E88E0C0000C9F45 /* ios_helloworldUITests */ = {
			isa = PBXGroup;
			children = (
				F45280CE1E88E0C0000C9F45 /* ios_helloworldUITests.m */,
				F45280D01E88E0C0000C9F45 /* Info.plist */,
			);
			path = ios_helloworldUITests;
			sourceTree = "<group>";
		};
		F4C6DBC21E8A5649009CDF41 /* baseui */ = {
			isa = PBXGroup;
			children = (
				F4C6DBC31E8A5680009CDF41 /* BaseController.m */,
				F4C6DBC61E8A577D009CDF41 /* BaseController.h */,
				F4C6DBCB1E8A6A45009CDF41 /* BaseApplication.h */,
				F4C6DBD31E8A6AD7009CDF41 /* BaseApplication.m */,
			);
			name = baseui;
			sourceTree = "<group>";
		};
		F4C6DBD51E8A7502009CDF41 /* component */ = {
			isa = PBXGroup;
			children = (
				F4EED1EE1E8CEA90005BF07B /* CoreLogger.h */,
				F4EED1EF1E8CEA9F005BF07B /* CoreLogger.m */,
			);
			name = component;
			sourceTree = "<group>";
		};
		F4EED1D71E8BB014005BF07B /* model */ = {
			isa = PBXGroup;
			children = (
				F4EED1D81E8BB17C005BF07B /* TableItemModel.h */,
				F4EED1D91E8BB260005BF07B /* TableItemModel.m */,
			);
			name = model;
			sourceTree = "<group>";
		};
		F4EED1E31E8CE50E005BF07B /* string */ = {
			isa = PBXGroup;
			children = (
				F4EED1E61E8CE525005BF07B /* Localizable.strings */,
			);
			name = string;
			sourceTree = "<group>";
		};
/* End PBXGroup section */

/* Begin PBXNativeTarget section */
		F45280A51E88E0C0000C9F45 /* ios_helloworld */ = {
			isa = PBXNativeTarget;
			buildConfigurationList = F45280D31E88E0C0000C9F45 /* Build configuration list for PBXNativeTarget "ios_helloworld" */;
			buildPhases = (
				F45280A21E88E0C0000C9F45 /* Sources */,
				F45280A31E88E0C0000C9F45 /* Frameworks */,
				F45280A41E88E0C0000C9F45 /* Resources */,
			);
			buildRules = (
			);
			dependencies = (
			);
			name = ios_helloworld;
			productName = ios_helloworld;
			productReference = F45280A61E88E0C0000C9F45 /* ios_helloworld.app */;
			productType = "com.apple.product-type.application";
		};
		F45280BE1E88E0C0000C9F45 /* ios_helloworldTests */ = {
			isa = PBXNativeTarget;
			buildConfigurationList = F45280D61E88E0C0000C9F45 /* Build configuration list for PBXNativeTarget "ios_helloworldTests" */;
			buildPhases = (
				F45280BB1E88E0C0000C9F45 /* Sources */,
				F45280BC1E88E0C0000C9F45 /* Frameworks */,
				F45280BD1E88E0C0000C9F45 /* Resources */,
			);
			buildRules = (
			);
			dependencies = (
				F45280C11E88E0C0000C9F45 /* PBXTargetDependency */,
			);
			name = ios_helloworldTests;
			productName = ios_helloworldTests;
			productReference = F45280BF1E88E0C0000C9F45 /* ios_helloworldTests.xctest */;
			productType = "com.apple.product-type.bundle.unit-test";
		};
		F45280C91E88E0C0000C9F45 /* ios_helloworldUITests */ = {
			isa = PBXNativeTarget;
			buildConfigurationList = F45280D91E88E0C0000C9F45 /* Build configuration list for PBXNativeTarget "ios_helloworldUITests" */;
			buildPhases = (
				F45280C61E88E0C0000C9F45 /* Sources */,
				F45280C71E88E0C0000C9F45 /* Frameworks */,
				F45280C81E88E0C0000C9F45 /* Resources */,
			);
			buildRules = (
			);
			dependencies = (
				F45280CC1E88E0C0000C9F45 /* PBXTargetDependency */,
			);
			name = ios_helloworldUITests;
			productName = ios_helloworldUITests;
			productReference = F45280CA1E88E0C0000C9F45 /* ios_helloworldUITests.xctest */;
			productType = "com.apple.product-type.bundle.ui-testing";
		};
/* End PBXNativeTarget section */

/* Begin PBXProject section */
		F452809E1E88E0BF000C9F45 /* Project object */ = {
			isa = PBXProject;
			attributes = {
				LastUpgradeCheck = 0820;
				ORGANIZATIONNAME = wei;
				TargetAttributes = {
					F45280A51E88E0C0000C9F45 = {
						CreatedOnToolsVersion = 7.1;
						DevelopmentTeam = MN42ABF25Y;
					};
					F45280BE1E88E0C0000C9F45 = {
						CreatedOnToolsVersion = 7.1;
						TestTargetID = F45280A51E88E0C0000C9F45;
					};
					F45280C91E88E0C0000C9F45 = {
						CreatedOnToolsVersion = 7.1;
						TestTargetID = F45280A51E88E0C0000C9F45;
					};
				};
			};
			buildConfigurationList = F45280A11E88E0BF000C9F45 /* Build configuration list for PBXProject "ios_helloworld" */;
			compatibilityVersion = "Xcode 3.2";
			developmentRegion = English;
			hasScannedForEncodings = 0;
			knownRegions = (
				Base,
				"zh-Hans",
				en,
			);
			mainGroup = F452809D1E88E0BF000C9F45;
			productRefGroup = F45280A71E88E0C0000C9F45 /* Products */;
			projectDirPath = "";
			projectRoot = "";
			targets = (
				F45280A51E88E0C0000C9F45 /* ios_helloworld */,
				F45280BE1E88E0C0000C9F45 /* ios_helloworldTests */,
				F45280C91E88E0C0000C9F45 /* ios_helloworldUITests */,
			);
		};
/* End PBXProject section */

/* Begin PBXResourcesBuildPhase section */
		F45280A41E88E0C0000C9F45 /* Resources */ = {
			isa = PBXResourcesBuildPhase;
			buildActionMask = 2147483647;
			files = (
				B607D8171E92C33E004E7DC9 /* grey_button.png in Resources */,
				B607D8181E92C33E004E7DC9 /* yellow_button.png in Resources */,
				F42AB9AA1E95EF9A0073343D /* back.png in Resources */,
				F495AB7F1E89186C00573334 /* .gitignore in Resources */,
				F420C7621EAE18CD005746CB /* compress_erhai.jpg in Resources */,
				F4EED1E41E8CE525005BF07B /* Localizable.strings in Resources */,
				F45280B61E88E0C0000C9F45 /* Assets.xcassets in Resources */,
			);
			runOnlyForDeploymentPostprocessing = 0;
		};
		F45280BD1E88E0C0000C9F45 /* Resources */ = {
			isa = PBXResourcesBuildPhase;
			buildActionMask = 2147483647;
			files = (
			);
			runOnlyForDeploymentPostprocessing = 0;
		};
		F45280C81E88E0C0000C9F45 /* Resources */ = {
			isa = PBXResourcesBuildPhase;
			buildActionMask = 2147483647;
			files = (
			);
			runOnlyForDeploymentPostprocessing = 0;
		};
/* End PBXResourcesBuildPhase section */

/* Begin PBXSourcesBuildPhase section */
		F45280A21E88E0C0000C9F45 /* Sources */ = {
			isa = PBXSourcesBuildPhase;
			buildActionMask = 2147483647;
			files = (
				F4EED1F01E8CEA9F005BF07B /* CoreLogger.m in Sources */,
				F4C9475B1EA644790011BD8B /* ObjCallCPlusController.m in Sources */,
				F4C6DBC41E8A5680009CDF41 /* BaseController.m in Sources */,
				F4AB38221EC7652A004F8809 /* ScrollViewController.m in Sources */,
				F420C7601EAE0FFB005746CB /* UIImageViewController.m in Sources */,
				F418B9A31EA6376C00143F1E /* MainViewController.m in Sources */,
				F418B9A81EA6376C00143F1E /* TabBController.m in Sources */,
				F418B9AB1EA6376C00143F1E /* UITabBarController.m in Sources */,
				F45280AE1E88E0C0000C9F45 /* AppDelegate.m in Sources */,
				F418B9AF1EA63B2B00143F1E /* test.c in Sources */,
				F4AB38201EC60372004F8809 /* CPlusFather.mm in Sources */,
				F418B9A11EA6376C00143F1E /* ButtonViewController.m in Sources */,
				F418B9A71EA6376C00143F1E /* TabBarDemoController.m in Sources */,
				F418B9AA1EA6376C00143F1E /* ToolBarController.m in Sources */,
				F418B9A41EA6376C00143F1E /* ObjCallCController.m in Sources */,
				F418B9A51EA6376C00143F1E /* StatusBarController.m in Sources */,
				F418B9A61EA6376C00143F1E /* TabAController.m in Sources */,
				F418B9A21EA6376C00143F1E /* LabelController.m in Sources */,
				F4EED1DA1E8BB260005BF07B /* TableItemModel.m in Sources */,
				F45280AB1E88E0C0000C9F45 /* main.m in Sources */,
				F4C947581EA644140011BD8B /* CPlusTest.cpp in Sources */,
				F4C6DBD41E8A6AD7009CDF41 /* BaseApplication.m in Sources */,
				F4AB381D1EC5FFA5004F8809 /* ObjSun.m in Sources */,
				F418B9A91EA6376C00143F1E /* TextFieldController.m in Sources */,
			);
			runOnlyForDeploymentPostprocessing = 0;
		};
		F45280BB1E88E0C0000C9F45 /* Sources */ = {
			isa = PBXSourcesBuildPhase;
			buildActionMask = 2147483647;
			files = (
				F45280C41E88E0C0000C9F45 /* ios_helloworldTests.m in Sources */,
			);
			runOnlyForDeploymentPostprocessing = 0;
		};
		F45280C61E88E0C0000C9F45 /* Sources */ = {
			isa = PBXSourcesBuildPhase;
			buildActionMask = 2147483647;
			files = (
				F45280CF1E88E0C0000C9F45 /* ios_helloworldUITests.m in Sources */,
			);
			runOnlyForDeploymentPostprocessing = 0;
		};
/* End PBXSourcesBuildPhase section */

/* Begin PBXTargetDependency section */
		F45280C11E88E0C0000C9F45 /* PBXTargetDependency */ = {
			isa = PBXTargetDependency;
			target = F45280A51E88E0C0000C9F45 /* ios_helloworld */;
			targetProxy = F45280C01E88E0C0000C9F45 /* PBXContainerItemProxy */;
		};
		F45280CC1E88E0C0000C9F45 /* PBXTargetDependency */ = {
			isa = PBXTargetDependency;
			target = F45280A51E88E0C0000C9F45 /* ios_helloworld */;
			targetProxy = F45280CB1E88E0C0000C9F45 /* PBXContainerItemProxy */;
		};
/* End PBXTargetDependency section */

/* Begin PBXVariantGroup section */
		F4EED1E61E8CE525005BF07B /* Localizable.strings */ = {
			isa = PBXVariantGroup;
			children = (
				F4EED1E51E8CE525005BF07B /* Base */,
				F4EED1EC1E8CE5A8005BF07B /* zh-Hans */,
				F4EED1ED1E8CE5DB005BF07B /* en */,
			);
			name = Localizable.strings;
			path = ..;
			sourceTree = "<group>";
		};
/* End PBXVariantGroup section */

/* Begin XCBuildConfiguration section */
		F45280D11E88E0C0000C9F45 /* Debug */ = {
			isa = XCBuildConfiguration;
			buildSettings = {
				ALWAYS_SEARCH_USER_PATHS = NO;
				CLANG_ANALYZER_LOCALIZABILITY_NONLOCALIZED = YES;
				CLANG_CXX_LANGUAGE_STANDARD = "gnu++0x";
				CLANG_CXX_LIBRARY = "libc++";
				CLANG_ENABLE_MODULES = YES;
				CLANG_ENABLE_OBJC_ARC = YES;
				CLANG_WARN_BOOL_CONVERSION = YES;
				CLANG_WARN_CONSTANT_CONVERSION = YES;
				CLANG_WARN_DIRECT_OBJC_ISA_USAGE = YES_ERROR;
				CLANG_WARN_EMPTY_BODY = YES;
				CLANG_WARN_ENUM_CONVERSION = YES;
				CLANG_WARN_INFINITE_RECURSION = YES;
				CLANG_WARN_INT_CONVERSION = YES;
				CLANG_WARN_OBJC_ROOT_CLASS = YES_ERROR;
				CLANG_WARN_SUSPICIOUS_MOVE = YES;
				CLANG_WARN_UNREACHABLE_CODE = YES;
				CLANG_WARN__DUPLICATE_METHOD_MATCH = YES;
				"CODE_SIGN_IDENTITY[sdk=iphoneos*]" = "iPhone Developer";
				COPY_PHASE_STRIP = NO;
				DEBUG_INFORMATION_FORMAT = dwarf;
				ENABLE_STRICT_OBJC_MSGSEND = YES;
				ENABLE_TESTABILITY = YES;
				GCC_C_LANGUAGE_STANDARD = gnu99;
				GCC_DYNAMIC_NO_PIC = NO;
				GCC_NO_COMMON_BLOCKS = YES;
				GCC_OPTIMIZATION_LEVEL = 0;
				GCC_PREPROCESSOR_DEFINITIONS = (
					"DEBUG=1",
					"$(inherited)",
				);
				GCC_WARN_64_TO_32_BIT_CONVERSION = YES;
				GCC_WARN_ABOUT_RETURN_TYPE = YES_ERROR;
				GCC_WARN_UNDECLARED_SELECTOR = YES;
				GCC_WARN_UNINITIALIZED_AUTOS = YES_AGGRESSIVE;
				GCC_WARN_UNUSED_FUNCTION = YES;
				GCC_WARN_UNUSED_VARIABLE = YES;
				IPHONEOS_DEPLOYMENT_TARGET = 8.0;
				MTL_ENABLE_DEBUG_INFO = YES;
				ONLY_ACTIVE_ARCH = YES;
				SDKROOT = iphoneos;
			};
			name = Debug;
		};
		F45280D21E88E0C0000C9F45 /* Release */ = {
			isa = XCBuildConfiguration;
			buildSettings = {
				ALWAYS_SEARCH_USER_PATHS = NO;
				CLANG_ANALYZER_LOCALIZABILITY_NONLOCALIZED = YES;
				CLANG_CXX_LANGUAGE_STANDARD = "gnu++0x";
				CLANG_CXX_LIBRARY = "libc++";
				CLANG_ENABLE_MODULES = YES;
				CLANG_ENABLE_OBJC_ARC = YES;
				CLANG_WARN_BOOL_CONVERSION = YES;
				CLANG_WARN_CONSTANT_CONVERSION = YES;
				CLANG_WARN_DIRECT_OBJC_ISA_USAGE = YES_ERROR;
				CLANG_WARN_EMPTY_BODY = YES;
				CLANG_WARN_ENUM_CONVERSION = YES;
				CLANG_WARN_INFINITE_RECURSION = YES;
				CLANG_WARN_INT_CONVERSION = YES;
				CLANG_WARN_OBJC_ROOT_CLASS = YES_ERROR;
				CLANG_WARN_SUSPICIOUS_MOVE = YES;
				CLANG_WARN_UNREACHABLE_CODE = YES;
				CLANG_WARN__DUPLICATE_METHOD_MATCH = YES;
				"CODE_SIGN_IDENTITY[sdk=iphoneos*]" = "iPhone Developer";
				COPY_PHASE_STRIP = NO;
				DEBUG_INFORMATION_FORMAT = "dwarf-with-dsym";
				ENABLE_NS_ASSERTIONS = NO;
				ENABLE_STRICT_OBJC_MSGSEND = YES;
				GCC_C_LANGUAGE_STANDARD = gnu99;
				GCC_NO_COMMON_BLOCKS = YES;
				GCC_WARN_64_TO_32_BIT_CONVERSION = YES;
				GCC_WARN_ABOUT_RETURN_TYPE = YES_ERROR;
				GCC_WARN_UNDECLARED_SELECTOR = YES;
				GCC_WARN_UNINITIALIZED_AUTOS = YES_AGGRESSIVE;
				GCC_WARN_UNUSED_FUNCTION = YES;
				GCC_WARN_UNUSED_VARIABLE = YES;
				IPHONEOS_DEPLOYMENT_TARGET = 8.0;
				MTL_ENABLE_DEBUG_INFO = NO;
				SDKROOT = iphoneos;
				VALIDATE_PRODUCT = YES;
			};
			name = Release;
		};
		F45280D41E88E0C0000C9F45 /* Debug */ = {
			isa = XCBuildConfiguration;
			buildSettings = {
				ASSETCATALOG_COMPILER_APPICON_NAME = AppIcon;
				ASSETCATALOG_COMPILER_LAUNCHIMAGE_NAME = LaunchImage;
				DEVELOPMENT_TEAM = MN42ABF25Y;
				INFOPLIST_FILE = ios_helloworld/Info.plist;
				IPHONEOS_DEPLOYMENT_TARGET = 8.0;
				LD_RUNPATH_SEARCH_PATHS = "$(inherited) @executable_path/Frameworks";
				PRODUCT_BUNDLE_IDENTIFIER = "androidyuan.ios-helloworld";
				PRODUCT_NAME = "$(TARGET_NAME)";
			};
			name = Debug;
		};
		F45280D51E88E0C0000C9F45 /* Release */ = {
			isa = XCBuildConfiguration;
			buildSettings = {
				ASSETCATALOG_COMPILER_APPICON_NAME = AppIcon;
				ASSETCATALOG_COMPILER_LAUNCHIMAGE_NAME = LaunchImage;
				DEVELOPMENT_TEAM = MN42ABF25Y;
				INFOPLIST_FILE = ios_helloworld/Info.plist;
				IPHONEOS_DEPLOYMENT_TARGET = 8.0;
				LD_RUNPATH_SEARCH_PATHS = "$(inherited) @executable_path/Frameworks";
				PRODUCT_BUNDLE_IDENTIFIER = "androidyuan.ios-helloworld";
				PRODUCT_NAME = "$(TARGET_NAME)";
			};
			name = Release;
		};
		F45280D71E88E0C0000C9F45 /* Debug */ = {
			isa = XCBuildConfiguration;
			buildSettings = {
				BUNDLE_LOADER = "$(TEST_HOST)";
				INFOPLIST_FILE = ios_helloworldTests/Info.plist;
				LD_RUNPATH_SEARCH_PATHS = "$(inherited) @executable_path/Frameworks @loader_path/Frameworks";
				PRODUCT_BUNDLE_IDENTIFIER = "androidyuan.ios-helloworldTests";
				PRODUCT_NAME = "$(TARGET_NAME)";
				TEST_HOST = "$(BUILT_PRODUCTS_DIR)/ios_helloworld.app/ios_helloworld";
			};
			name = Debug;
		};
		F45280D81E88E0C0000C9F45 /* Release */ = {
			isa = XCBuildConfiguration;
			buildSettings = {
				BUNDLE_LOADER = "$(TEST_HOST)";
				INFOPLIST_FILE = ios_helloworldTests/Info.plist;
				LD_RUNPATH_SEARCH_PATHS = "$(inherited) @executable_path/Frameworks @loader_path/Frameworks";
				PRODUCT_BUNDLE_IDENTIFIER = "androidyuan.ios-helloworldTests";
				PRODUCT_NAME = "$(TARGET_NAME)";
				TEST_HOST = "$(BUILT_PRODUCTS_DIR)/ios_helloworld.app/ios_helloworld";
			};
			name = Release;
		};
		F45280DA1E88E0C0000C9F45 /* Debug */ = {
			isa = XCBuildConfiguration;
			buildSettings = {
				INFOPLIST_FILE = ios_helloworldUITests/Info.plist;
				LD_RUNPATH_SEARCH_PATHS = "$(inherited) @executable_path/Frameworks @loader_path/Frameworks";
				PRODUCT_BUNDLE_IDENTIFIER = "androidyuan.ios-helloworldUITests";
				PRODUCT_NAME = "$(TARGET_NAME)";
				TEST_TARGET_NAME = ios_helloworld;
				USES_XCTRUNNER = YES;
			};
			name = Debug;
		};
		F45280DB1E88E0C0000C9F45 /* Release */ = {
			isa = XCBuildConfiguration;
			buildSettings = {
				INFOPLIST_FILE = ios_helloworldUITests/Info.plist;
				LD_RUNPATH_SEARCH_PATHS = "$(inherited) @executable_path/Frameworks @loader_path/Frameworks";
				PRODUCT_BUNDLE_IDENTIFIER = "androidyuan.ios-helloworldUITests";
				PRODUCT_NAME = "$(TARGET_NAME)";
				TEST_TARGET_NAME = ios_helloworld;
				USES_XCTRUNNER = YES;
			};
			name = Release;
		};
/* End XCBuildConfiguration section */

/* Begin XCConfigurationList section */
		F45280A11E88E0BF000C9F45 /* Build configuration list for PBXProject "ios_helloworld" */ = {
			isa = XCConfigurationList;
			buildConfigurations = (
				F45280D11E88E0C0000C9F45 /* Debug */,
				F45280D21E88E0C0000C9F45 /* Release */,
			);
			defaultConfigurationIsVisible = 0;
			defaultConfigurationName = Release;
		};
		F45280D31E88E0C0000C9F45 /* Build configuration list for PBXNativeTarget "ios_helloworld" */ = {
			isa = XCConfigurationList;
			buildConfigurations = (
				F45280D41E88E0C0000C9F45 /* Debug */,
				F45280D51E88E0C0000C9F45 /* Release */,
			);
			defaultConfigurationIsVisible = 0;
			defaultConfigurationName = Release;
		};
		F45280D61E88E0C0000C9F45 /* Build configuration list for PBXNativeTarget "ios_helloworldTests" */ = {
			isa = XCConfigurationList;
			buildConfigurations = (
				F45280D71E88E0C0000C9F45 /* Debug */,
				F45280D81E88E0C0000C9F45 /* Release */,
			);
			defaultConfigurationIsVisible = 0;
			defaultConfigurationName = Release;
		};
		F45280D91E88E0C0000C9F45 /* Build configuration list for PBXNativeTarget "ios_helloworldUITests" */ = {
			isa = XCConfigurationList;
			buildConfigurations = (
				F45280DA1E88E0C0000C9F45 /* Debug */,
				F45280DB1E88E0C0000C9F45 /* Release */,
			);
			defaultConfigurationIsVisible = 0;
			defaultConfigurationName = Release;
		};
/* End XCConfigurationList section */
	};
	rootObject = F452809E1E88E0BF000C9F45 /* Project object */;
}
